<?xml version="1.0" encoding="utf-8"?>
<Project ToolsVersion="4.0" xmlns="http://schemas.microsoft.com/developer/msbuild/2003">
  <ItemGroup>
    <Filter Include="Quelldateien">
      <UniqueIdentifier>{4FC737F1-C7A5-4376-A066-2A32D752A2FF}</UniqueIdentifier>
      <Extensions>cpp;c;cc;cxx;def;odl;idl;hpj;bat;asm;asmx</Extensions>
    </Filter>
    <Filter Include="Headerdateien">
      <UniqueIdentifier>{93995380-89BD-4b04-88EB-625FBE52EBFB}</UniqueIdentifier>
      <Extensions>h;hh;hpp;hxx;hm;inl;inc;ipp;xsd</Extensions>
    </Filter>
    <Filter Include="Ressourcendateien">
      <UniqueIdentifier>{67DA6AB6-F800-4c08-8B7A-83BB121AAD01}</UniqueIdentifier>
      <Extensions>rc;ico;cur;bmp;dlg;rc2;rct;bin;rgs;gif;jpg;jpeg;jpe;resx;tiff;tif;png;wav;mfcribbon-ms</Extensions>
    </Filter>
    <Filter Include="Headerdateien\dataBase">
      <UniqueIdentifier>{70155126-00b5-475b-9255-0d41eee899ab}</UniqueIdentifier>
    </Filter>
    <Filter Include="Headerdateien\dataBase\structure">
      <UniqueIdentifier>{8fe4bd2f-1fde-4539-9aea-ed668467a999}</UniqueIdentifier>
    </Filter>
    <Filter Include="Headerdateien\dataBase\connection">
      <UniqueIdentifier>{caa8fb82-b0bf-4209-b10c-60da2abc206c}</UniqueIdentifier>
    </Filter>
    <Filter Include="Quelldateien\dataBase">
      <UniqueIdentifier>{5ce2fc74-5abe-464e-a17b-f74c86158cec}</UniqueIdentifier>
    </Filter>
    <Filter Include="Quelldateien\dataBase\structure">
      <UniqueIdentifier>{8a825a19-b2d5-4ea9-9d6b-6cf8465cede3}</UniqueIdentifier>
    </Filter>
    <Filter Include="Quelldateien\dataBase\connection">
      <UniqueIdentifier>{e1da6409-66b8-4884-9923-b5fe4a091b03}</UniqueIdentifier>
    </Filter>
    <Filter Include="Quelldateien\dataBase\getDataFromDatabase">
      <UniqueIdentifier>{ae5510d0-328b-430b-8ba0-2536eb95966d}</UniqueIdentifier>
    </Filter>
    <Filter Include="Headerdateien\dataBase\getDataFromDatabase">
      <UniqueIdentifier>{b019ae6c-322e-43d2-a387-0daefb7c5f71}</UniqueIdentifier>
    </Filter>
  </ItemGroup>
  <ItemGroup>
    <ResourceCompile Include="app.rc">
      <Filter>Ressourcendateien</Filter>
    </ResourceCompile>
  </ItemGroup>
  <ItemGroup>
    <ClInclude Include="Resource.h">
      <Filter>Headerdateien</Filter>
    </ClInclude>
    <ClInclude Include="pch.h">
      <Filter>Headerdateien</Filter>
    </ClInclude>
    <ClInclude Include="Form1.h">
      <Filter>Headerdateien</Filter>
    </ClInclude>
    <ClInclude Include="MyForm.h">
      <Filter>Headerdateien</Filter>
    </ClInclude>
    <ClInclude Include="PanelSprzedawcy.h">
      <Filter>Headerdateien</Filter>
    </ClInclude>
    <ClInclude Include="User.h">
      <Filter>Headerdateien\dataBase\structure</Filter>
    </ClInclude>
    <ClInclude Include="Query.h">
      <Filter>Headerdateien\dataBase\connection</Filter>
    </ClInclude>
    <ClInclude Include="QueryUser.h">
      <Filter>Headerdateien\dataBase\connection</Filter>
    </ClInclude>
    <ClInclude Include="Category.h">
      <Filter>Headerdateien\dataBase\structure</Filter>
    </ClInclude>
    <ClInclude Include="Company.h">
      <Filter>Headerdateien\dataBase\structure</Filter>
    </ClInclude>
    <ClInclude Include="Product.h">
      <Filter>Headerdateien\dataBase\structure</Filter>
    </ClInclude>
    <ClInclude Include="Offer.h">
      <Filter>Headerdateien\dataBase\structure</Filter>
    </ClInclude>
    <ClInclude Include="Transaction.h">
      <Filter>Headerdateien\dataBase\structure</Filter>
    </ClInclude>
    <ClInclude Include="UnVerify.h">
      <Filter>Headerdateien\dataBase\getDataFromDatabase</Filter>
    </ClInclude>
    <ClInclude Include="Client.h">
      <Filter>Headerdateien\dataBase\getDataFromDatabase</Filter>
    </ClInclude>
    <ClInclude Include="QueryCategory.h">
      <Filter>Headerdateien\dataBase\connection</Filter>
    </ClInclude>
    <ClInclude Include="QueryCompany.h">
      <Filter>Headerdateien\dataBase\connection</Filter>
    </ClInclude>
    <ClInclude Include="QueryOffer.h">
      <Filter>Headerdateien\dataBase\connection</Filter>
    </ClInclude>
    <ClInclude Include="Helper.h">
      <Filter>Headerdateien</Filter>
    </ClInclude>
    <ClInclude Include="QueryTransaction.h">
      <Filter>Headerdateien\dataBase\connection</Filter>
    </ClInclude>
  </ItemGroup>
  <ItemGroup>
    <ClCompile Include="CppCLR_WinformsProjekt.cpp">
      <Filter>Quelldateien</Filter>
    </ClCompile>
    <ClCompile Include="AssemblyInfo.cpp">
      <Filter>Quelldateien</Filter>
    </ClCompile>
    <ClCompile Include="pch.cpp">
      <Filter>Quelldateien</Filter>
    </ClCompile>
    <ClCompile Include="Form1.cpp">
      <Filter>Quelldateien</Filter>
    </ClCompile>
    <ClCompile Include="MyForm.cpp">
      <Filter>Quelldateien</Filter>
    </ClCompile>
    <ClCompile Include="PanelSprzedawcy.cpp">
      <Filter>Quelldateien</Filter>
    </ClCompile>
    <ClCompile Include="User.cpp">
      <Filter>Quelldateien\dataBase\structure</Filter>
    </ClCompile>
    <ClCompile Include="Query.cpp">
      <Filter>Quelldateien\dataBase\connection</Filter>
    </ClCompile>
    <ClCompile Include="QueryUser.cpp">
      <Filter>Quelldateien\dataBase\connection</Filter>
    </ClCompile>
    <ClCompile Include="Category.cpp">
      <Filter>Quelldateien\dataBase\structure</Filter>
    </ClCompile>
    <ClCompile Include="Company.cpp">
      <Filter>Quelldateien\dataBase\structure</Filter>
    </ClCompile>
    <ClCompile Include="Product.cpp">
      <Filter>Quelldateien\dataBase\structure</Filter>
    </ClCompile>
    <ClCompile Include="Offer.cpp">
      <Filter>Quelldateien\dataBase\structure</Filter>
    </ClCompile>
    <ClCompile Include="Transaction.cpp">
      <Filter>Quelldateien\dataBase\structure</Filter>
    </ClCompile>
    <ClCompile Include="UnVerify.cpp">
      <Filter>Quelldateien\dataBase\getDataFromDatabase</Filter>
    </ClCompile>
    <ClCompile Include="Client.cpp">
      <Filter>Quelldateien\dataBase\getDataFromDatabase</Filter>
    </ClCompile>
    <ClCompile Include="QueryCategory.cpp">
      <Filter>Quelldateien\dataBase\connection</Filter>
    </ClCompile>
    <ClCompile Include="QueryCompany.cpp">
      <Filter>Quelldateien\dataBase\connection</Filter>
    </ClCompile>
    <ClCompile Include="QueryOffer.cpp">
      <Filter>Quelldateien\dataBase\connection</Filter>
    </ClCompile>
    <ClCompile Include="Helper.cpp">
      <Filter>Quelldateien</Filter>
    </ClCompile>
    <ClCompile Include="QueryTransaction.cpp">
      <Filter>Quelldateien\dataBase\connection</Filter>
    </ClCompile>
  </ItemGroup>
  <ItemGroup>
    <Image Include="app.ico">
      <Filter>Ressourcendateien</Filter>
    </Image>
  </ItemGroup>
</Project>